
Microsoft Visual Studio Solution File, Format Version 12.00
# Visual Studio 15
VisualStudioVersion = 15.0.27428.2043
MinimumVisualStudioVersion = 10.0.40219.1
Project("{FAE04EC0-301F-11D3-BF4B-00C04F79EFBC}") = "Sonos.Integration", "Sonos.Integration\Sonos.Integration.csproj", "{ECA5AA62-DB9B-410D-8E05-7A946AACC8CA}"
EndProject
Project("{FAE04EC0-301F-11D3-BF4B-00C04F79EFBC}") = "Sonos.Integration.Models", "Sonos.Integration.Models\Sonos.Integration.Models.csproj", "{FAE89F0A-9A94-44C5-AEDD-520DF42E6425}"
EndProject
Global
	GlobalSection(SolutionConfigurationPlatforms) = preSolution
		Debug|Any CPU = Debug|Any CPU
		Release|Any CPU = Release|Any CPU
	EndGlobalSection
	GlobalSection(ProjectConfigurationPlatforms) = postSolution
		{ECA5AA62-DB9B-410D-8E05-7A946AACC8CA}.Debug|Any CPU.ActiveCfg = Debug|Any CPU
		{ECA5AA62-DB9B-410D-8E05-7A946AACC8CA}.Debug|Any CPU.Build.0 = Debug|Any CPU
		{ECA5AA62-DB9B-410D-8E05-7A946AACC8CA}.Release|Any CPU.ActiveCfg = Release|Any CPU
		{ECA5AA62-DB9B-410D-8E05-7A946AACC8CA}.Release|Any CPU.Build.0 = Release|Any CPU
		{FAE89F0A-9A94-44C5-AEDD-520DF42E6425}.Debug|Any CPU.ActiveCfg = Debug|Any CPU
		{FAE89F0A-9A94-44C5-AEDD-520DF42E6425}.Debug|Any CPU.Build.0 = Debug|Any CPU
		{FAE89F0A-9A94-44C5-AEDD-520DF42E6425}.Release|Any CPU.ActiveCfg = Release|Any CPU
		{FAE89F0A-9A94-44C5-AEDD-520DF42E6425}.Release|Any CPU.Build.0 = Release|Any CPU
	EndGlobalSection
	GlobalSection(SolutionProperties) = preSolution
		HideSolutionNode = FALSE
	EndGlobalSection
	GlobalSection(ExtensibilityGlobals) = postSolution
		SolutionGuid = {FEF9E3F7-18EF-4758-9E05-07BA22F49DBC}
	EndGlobalSection
EndGlobal
